
Microsoft Visual Studio Solution File, Format Version 12.00
# Visual Studio Version 16
VisualStudioVersion = 16.0.30523.141
MinimumVisualStudioVersion = 10.0.40219.1
Project("{9A19103F-16F7-4668-BE54-9A1E7A4F7556}") = "Modul12.Project", "Main_Project\Modul12.Project.csproj", "{66C0D191-7E75-4EDF-BB81-2ED9FDFF3E99}"
EndProject
Project("{9A19103F-16F7-4668-BE54-9A1E7A4F7556}") = "Modul12.Tests", "Modul12.Tests\Modul12.Tests.csproj", "{8A4F2986-4C29-40AD-A569-115D7854EB78}"
EndProject
Global
	GlobalSection(SolutionConfigurationPlatforms) = preSolution
		Debug|Any CPU = Debug|Any CPU
		Release|Any CPU = Release|Any CPU
	EndGlobalSection
	GlobalSection(ProjectConfigurationPlatforms) = postSolution
		{66C0D191-7E75-4EDF-BB81-2ED9FDFF3E99}.Debug|Any CPU.ActiveCfg = Debug|Any CPU
		{66C0D191-7E75-4EDF-BB81-2ED9FDFF3E99}.Debug|Any CPU.Build.0 = Debug|Any CPU
		{66C0D191-7E75-4EDF-BB81-2ED9FDFF3E99}.Release|Any CPU.ActiveCfg = Release|Any CPU
		{66C0D191-7E75-4EDF-BB81-2ED9FDFF3E99}.Release|Any CPU.Build.0 = Release|Any CPU
		{8A4F2986-4C29-40AD-A569-115D7854EB78}.Debug|Any CPU.ActiveCfg = Debug|Any CPU
		{8A4F2986-4C29-40AD-A569-115D7854EB78}.Debug|Any CPU.Build.0 = Debug|Any CPU
		{8A4F2986-4C29-40AD-A569-115D7854EB78}.Release|Any CPU.ActiveCfg = Release|Any CPU
		{8A4F2986-4C29-40AD-A569-115D7854EB78}.Release|Any CPU.Build.0 = Release|Any CPU
	EndGlobalSection
	GlobalSection(SolutionProperties) = preSolution
		HideSolutionNode = FALSE
	EndGlobalSection
	GlobalSection(ExtensibilityGlobals) = postSolution
		SolutionGuid = {B0D38418-A6D9-4B74-AE35-AA477F3CEDB1}
	EndGlobalSection
EndGlobal
